
Microsoft Visual Studio Solution File, Format Version 12.00
# Visual Studio Version 17
VisualStudioVersion = 17.10.35013.160
MinimumVisualStudioVersion = 10.0.40219.1
Project("{FAE04EC0-301F-11D3-BF4B-00C04F79EFBC}") = "PracticalChallenge1", "ConsoleApp1\PracticalChallenge1.csproj", "{DCB3F875-44D0-4EFF-8806-FF62A1D2273F}"
EndProject
Project("{FAE04EC0-301F-11D3-BF4B-00C04F79EFBC}") = "PracticalChallenge2", "ConsoleApp2\PracticalChallenge2.csproj", "{A81C6182-E166-42B1-85F2-7CDCFD90B1CE}"
EndProject
Project("{FAE04EC0-301F-11D3-BF4B-00C04F79EFBC}") = "PracticalChallenge3", "PracticalChallenge3\PracticalChallenge3.csproj", "{D7ECF8A2-AE90-443D-AAC1-0456C33BD649}"
EndProject
Project("{FAE04EC0-301F-11D3-BF4B-00C04F79EFBC}") = "PracticalChallenge4", "PracticalChallenge4\PracticalChallenge4.csproj", "{255CCB3C-8AF1-4A41-B1EC-5E70ED827729}"
EndProject
Project("{FAE04EC0-301F-11D3-BF4B-00C04F79EFBC}") = "PracticalChallenge5", "PracticalChallenge5\PracticalChallenge5.csproj", "{DDCBD56E-B53B-4564-92C1-4749095CB0B6}"
EndProject
Project("{FAE04EC0-301F-11D3-BF4B-00C04F79EFBC}") = "PracticalChallenge6", "PracticalChallenge6\PracticalChallenge6.csproj", "{4BDFFA8B-9087-460F-9F65-370C14419C62}"
EndProject
Global
	GlobalSection(SolutionConfigurationPlatforms) = preSolution
		Debug|Any CPU = Debug|Any CPU
		Release|Any CPU = Release|Any CPU
	EndGlobalSection
	GlobalSection(ProjectConfigurationPlatforms) = postSolution
		{DCB3F875-44D0-4EFF-8806-FF62A1D2273F}.Debug|Any CPU.ActiveCfg = Debug|Any CPU
		{DCB3F875-44D0-4EFF-8806-FF62A1D2273F}.Debug|Any CPU.Build.0 = Debug|Any CPU
		{DCB3F875-44D0-4EFF-8806-FF62A1D2273F}.Release|Any CPU.ActiveCfg = Release|Any CPU
		{DCB3F875-44D0-4EFF-8806-FF62A1D2273F}.Release|Any CPU.Build.0 = Release|Any CPU
		{A81C6182-E166-42B1-85F2-7CDCFD90B1CE}.Debug|Any CPU.ActiveCfg = Debug|Any CPU
		{A81C6182-E166-42B1-85F2-7CDCFD90B1CE}.Debug|Any CPU.Build.0 = Debug|Any CPU
		{A81C6182-E166-42B1-85F2-7CDCFD90B1CE}.Release|Any CPU.ActiveCfg = Release|Any CPU
		{A81C6182-E166-42B1-85F2-7CDCFD90B1CE}.Release|Any CPU.Build.0 = Release|Any CPU
		{D7ECF8A2-AE90-443D-AAC1-0456C33BD649}.Debug|Any CPU.ActiveCfg = Debug|Any CPU
		{D7ECF8A2-AE90-443D-AAC1-0456C33BD649}.Debug|Any CPU.Build.0 = Debug|Any CPU
		{D7ECF8A2-AE90-443D-AAC1-0456C33BD649}.Release|Any CPU.ActiveCfg = Release|Any CPU
		{D7ECF8A2-AE90-443D-AAC1-0456C33BD649}.Release|Any CPU.Build.0 = Release|Any CPU
		{255CCB3C-8AF1-4A41-B1EC-5E70ED827729}.Debug|Any CPU.ActiveCfg = Debug|Any CPU
		{255CCB3C-8AF1-4A41-B1EC-5E70ED827729}.Debug|Any CPU.Build.0 = Debug|Any CPU
		{255CCB3C-8AF1-4A41-B1EC-5E70ED827729}.Release|Any CPU.ActiveCfg = Release|Any CPU
		{255CCB3C-8AF1-4A41-B1EC-5E70ED827729}.Release|Any CPU.Build.0 = Release|Any CPU
		{DDCBD56E-B53B-4564-92C1-4749095CB0B6}.Debug|Any CPU.ActiveCfg = Debug|Any CPU
		{DDCBD56E-B53B-4564-92C1-4749095CB0B6}.Debug|Any CPU.Build.0 = Debug|Any CPU
		{DDCBD56E-B53B-4564-92C1-4749095CB0B6}.Release|Any CPU.ActiveCfg = Release|Any CPU
		{DDCBD56E-B53B-4564-92C1-4749095CB0B6}.Release|Any CPU.Build.0 = Release|Any CPU
		{4BDFFA8B-9087-460F-9F65-370C14419C62}.Debug|Any CPU.ActiveCfg = Debug|Any CPU
		{4BDFFA8B-9087-460F-9F65-370C14419C62}.Debug|Any CPU.Build.0 = Debug|Any CPU
		{4BDFFA8B-9087-460F-9F65-370C14419C62}.Release|Any CPU.ActiveCfg = Release|Any CPU
		{4BDFFA8B-9087-460F-9F65-370C14419C62}.Release|Any CPU.Build.0 = Release|Any CPU
	EndGlobalSection
	GlobalSection(SolutionProperties) = preSolution
		HideSolutionNode = FALSE
	EndGlobalSection
	GlobalSection(ExtensibilityGlobals) = postSolution
		SolutionGuid = {7B136DC9-3E0E-49DB-878C-7B0F1CF94BAF}
	EndGlobalSection
EndGlobal
